
Microsoft Visual Studio Solution File, Format Version 12.00
# Visual Studio 2012
Project("{FAE04EC0-301F-11D3-BF4B-00C04F79EFBC}") = "Test-PubSub-IObservable", "Test-PubSub-IObservable\Test-PubSub-IObservable.csproj", "{615ABD93-2817-4439-8454-0D779F33A156}"
EndProject
Project("{FAE04EC0-301F-11D3-BF4B-00C04F79EFBC}") = "Redo PubSub", "ReDo\Redo PubSub.csproj", "{C918509B-DD3E-4180-A899-8F70BEBA0E0F}"
EndProject
Project("{FAE04EC0-301F-11D3-BF4B-00C04F79EFBC}") = "Polimorphysm", "Polimorphysm\Polimorphysm.csproj", "{C4791B0D-7A92-45B6-B73A-FB6A1EE899FA}"
EndProject
Project("{FAE04EC0-301F-11D3-BF4B-00C04F79EFBC}") = "Armstrong", "Armstrong\Armstrong.csproj", "{B9FFA24B-90A3-4E80-846E-5BBAF049CB08}"
EndProject
Project("{FAE04EC0-301F-11D3-BF4B-00C04F79EFBC}") = "ReverseStrings", "ReverseStrings\ReverseStrings.csproj", "{A18222D0-F356-42B4-8D0A-BF172C84349B}"
EndProject
Project("{FAE04EC0-301F-11D3-BF4B-00C04F79EFBC}") = "MovieRental", "MovieRental\MovieRental.csproj", "{E07E4D57-C704-4829-8ECE-58C361580128}"
EndProject
Global
	GlobalSection(SolutionConfigurationPlatforms) = preSolution
		Debug|x86 = Debug|x86
		Release|x86 = Release|x86
	EndGlobalSection
	GlobalSection(ProjectConfigurationPlatforms) = postSolution
		{615ABD93-2817-4439-8454-0D779F33A156}.Debug|x86.ActiveCfg = Debug|x86
		{615ABD93-2817-4439-8454-0D779F33A156}.Debug|x86.Build.0 = Debug|x86
		{615ABD93-2817-4439-8454-0D779F33A156}.Release|x86.ActiveCfg = Release|x86
		{615ABD93-2817-4439-8454-0D779F33A156}.Release|x86.Build.0 = Release|x86
		{A18222D0-F356-42B4-8D0A-BF172C84349B}.Debug|x86.ActiveCfg = Debug|x86
		{A18222D0-F356-42B4-8D0A-BF172C84349B}.Debug|x86.Build.0 = Debug|x86
		{A18222D0-F356-42B4-8D0A-BF172C84349B}.Release|x86.ActiveCfg = Release|x86
		{A18222D0-F356-42B4-8D0A-BF172C84349B}.Release|x86.Build.0 = Release|x86
		{B9FFA24B-90A3-4E80-846E-5BBAF049CB08}.Debug|x86.ActiveCfg = Debug|x86
		{B9FFA24B-90A3-4E80-846E-5BBAF049CB08}.Debug|x86.Build.0 = Debug|x86
		{B9FFA24B-90A3-4E80-846E-5BBAF049CB08}.Release|x86.ActiveCfg = Release|x86
		{B9FFA24B-90A3-4E80-846E-5BBAF049CB08}.Release|x86.Build.0 = Release|x86
		{C4791B0D-7A92-45B6-B73A-FB6A1EE899FA}.Debug|x86.ActiveCfg = Debug|x86
		{C4791B0D-7A92-45B6-B73A-FB6A1EE899FA}.Debug|x86.Build.0 = Debug|x86
		{C4791B0D-7A92-45B6-B73A-FB6A1EE899FA}.Release|x86.ActiveCfg = Release|x86
		{C4791B0D-7A92-45B6-B73A-FB6A1EE899FA}.Release|x86.Build.0 = Release|x86
		{C918509B-DD3E-4180-A899-8F70BEBA0E0F}.Debug|x86.ActiveCfg = Debug|x86
		{C918509B-DD3E-4180-A899-8F70BEBA0E0F}.Debug|x86.Build.0 = Debug|x86
		{C918509B-DD3E-4180-A899-8F70BEBA0E0F}.Release|x86.ActiveCfg = Release|x86
		{C918509B-DD3E-4180-A899-8F70BEBA0E0F}.Release|x86.Build.0 = Release|x86
		{E07E4D57-C704-4829-8ECE-58C361580128}.Debug|x86.ActiveCfg = Debug|x86
		{E07E4D57-C704-4829-8ECE-58C361580128}.Debug|x86.Build.0 = Debug|x86
		{E07E4D57-C704-4829-8ECE-58C361580128}.Release|x86.ActiveCfg = Release|x86
		{E07E4D57-C704-4829-8ECE-58C361580128}.Release|x86.Build.0 = Release|x86
	EndGlobalSection
	GlobalSection(MonoDevelopProperties) = preSolution
		StartupItem = MovieRental\MovieRental.csproj
	EndGlobalSection
EndGlobal
