
Microsoft Visual Studio Solution File, Format Version 12.00
# Visual Studio 2012
Project("{FAE04EC0-301F-11D3-BF4B-00C04F79EFBC}") = "Test-PubSub-IObservable", "Test-PubSub-IObservable\Test-PubSub-IObservable.csproj", "{615ABD93-2817-4439-8454-0D779F33A156}"
EndProject
Project("{FAE04EC0-301F-11D3-BF4B-00C04F79EFBC}") = "Redo PubSub", "ReDo\Redo PubSub.csproj", "{C918509B-DD3E-4180-A899-8F70BEBA0E0F}"
EndProject
Project("{FAE04EC0-301F-11D3-BF4B-00C04F79EFBC}") = "Polimorphysm", "Polimorphysm\Polimorphysm.csproj", "{C4791B0D-7A92-45B6-B73A-FB6A1EE899FA}"
EndProject
Project("{FAE04EC0-301F-11D3-BF4B-00C04F79EFBC}") = "Armstrong", "Armstrong\Armstrong.csproj", "{B9FFA24B-90A3-4E80-846E-5BBAF049CB08}"
EndProject
Project("{FAE04EC0-301F-11D3-BF4B-00C04F79EFBC}") = "ReverseStrings", "ReverseStrings\ReverseStrings.csproj", "{A18222D0-F356-42B4-8D0A-BF172C84349B}"
EndProject
Project("{FAE04EC0-301F-11D3-BF4B-00C04F79EFBC}") = "MovieRental", "MovieRental\MovieRental.csproj", "{E07E4D57-C704-4829-8ECE-58C361580128}"
EndProject
Project("{FAE04EC0-301F-11D3-BF4B-00C04F79EFBC}") = "MovieRentalTests", "MovieRentalTests\MovieRentalTests.csproj", "{41CE99BA-4FA5-4822-A9E8-5B75BD512AA9}"
EndProject
Project("{2150E333-8FDC-42A3-9474-1A3956D46DE8}") = "JustEat", "JustEat", "{5F1885A6-E67F-4DFA-8889-9C9FE74EC600}"
EndProject
Project("{FAE04EC0-301F-11D3-BF4B-00C04F79EFBC}") = "JustEat.IOS", "JustEat\JustEat\JustEat.IOS.csproj", "{96D51515-2FD8-4992-978C-849966C705A8}"
EndProject
Project("{FAE04EC0-301F-11D3-BF4B-00C04F79EFBC}") = "JustEat.UITests", "JustEat\JustEat.UITests\JustEat.UITests.csproj", "{B3993FF5-4E4F-46F8-867E-4ACC5A14BD78}"
EndProject
Project("{FAE04EC0-301F-11D3-BF4B-00C04F79EFBC}") = "JustEatTests", "JustEat\JustEatTests\JustEatTests.csproj", "{F4FA74CF-503E-49F0-92F6-FD2A9E83D51B}"
EndProject
Project("{FAE04EC0-301F-11D3-BF4B-00C04F79EFBC}") = "JustEat.Core", "JustEat\JustEat.Core\JustEat.Core.csproj", "{5ABD0347-B9AD-4EE4-9C3D-5BEBC3C4E7F6}"
EndProject
Global
	GlobalSection(SolutionConfigurationPlatforms) = preSolution
		Debug|x86 = Debug|x86
		Release|x86 = Release|x86
		Debug|iPhoneSimulator = Debug|iPhoneSimulator
		Release|iPhone = Release|iPhone
		Release|iPhoneSimulator = Release|iPhoneSimulator
		Debug|iPhone = Debug|iPhone
	EndGlobalSection
	GlobalSection(ProjectConfigurationPlatforms) = postSolution
		{41CE99BA-4FA5-4822-A9E8-5B75BD512AA9}.Debug|iPhone.ActiveCfg = Debug|Any CPU
		{41CE99BA-4FA5-4822-A9E8-5B75BD512AA9}.Debug|iPhone.Build.0 = Debug|Any CPU
		{41CE99BA-4FA5-4822-A9E8-5B75BD512AA9}.Debug|iPhoneSimulator.ActiveCfg = Debug|Any CPU
		{41CE99BA-4FA5-4822-A9E8-5B75BD512AA9}.Debug|iPhoneSimulator.Build.0 = Debug|Any CPU
		{41CE99BA-4FA5-4822-A9E8-5B75BD512AA9}.Debug|x86.ActiveCfg = Debug|Any CPU
		{41CE99BA-4FA5-4822-A9E8-5B75BD512AA9}.Debug|x86.Build.0 = Debug|Any CPU
		{41CE99BA-4FA5-4822-A9E8-5B75BD512AA9}.Release|iPhone.ActiveCfg = Release|Any CPU
		{41CE99BA-4FA5-4822-A9E8-5B75BD512AA9}.Release|iPhone.Build.0 = Release|Any CPU
		{41CE99BA-4FA5-4822-A9E8-5B75BD512AA9}.Release|iPhoneSimulator.ActiveCfg = Release|Any CPU
		{41CE99BA-4FA5-4822-A9E8-5B75BD512AA9}.Release|iPhoneSimulator.Build.0 = Release|Any CPU
		{41CE99BA-4FA5-4822-A9E8-5B75BD512AA9}.Release|x86.ActiveCfg = Release|Any CPU
		{41CE99BA-4FA5-4822-A9E8-5B75BD512AA9}.Release|x86.Build.0 = Release|Any CPU
		{5ABD0347-B9AD-4EE4-9C3D-5BEBC3C4E7F6}.Debug|iPhone.ActiveCfg = Debug|Any CPU
		{5ABD0347-B9AD-4EE4-9C3D-5BEBC3C4E7F6}.Debug|iPhone.Build.0 = Debug|Any CPU
		{5ABD0347-B9AD-4EE4-9C3D-5BEBC3C4E7F6}.Debug|iPhoneSimulator.ActiveCfg = Debug|Any CPU
		{5ABD0347-B9AD-4EE4-9C3D-5BEBC3C4E7F6}.Debug|iPhoneSimulator.Build.0 = Debug|Any CPU
		{5ABD0347-B9AD-4EE4-9C3D-5BEBC3C4E7F6}.Debug|x86.ActiveCfg = Debug|Any CPU
		{5ABD0347-B9AD-4EE4-9C3D-5BEBC3C4E7F6}.Debug|x86.Build.0 = Debug|Any CPU
		{5ABD0347-B9AD-4EE4-9C3D-5BEBC3C4E7F6}.Release|iPhone.ActiveCfg = Release|Any CPU
		{5ABD0347-B9AD-4EE4-9C3D-5BEBC3C4E7F6}.Release|iPhone.Build.0 = Release|Any CPU
		{5ABD0347-B9AD-4EE4-9C3D-5BEBC3C4E7F6}.Release|iPhoneSimulator.ActiveCfg = Release|Any CPU
		{5ABD0347-B9AD-4EE4-9C3D-5BEBC3C4E7F6}.Release|iPhoneSimulator.Build.0 = Release|Any CPU
		{5ABD0347-B9AD-4EE4-9C3D-5BEBC3C4E7F6}.Release|x86.ActiveCfg = Release|Any CPU
		{5ABD0347-B9AD-4EE4-9C3D-5BEBC3C4E7F6}.Release|x86.Build.0 = Release|Any CPU
		{615ABD93-2817-4439-8454-0D779F33A156}.Debug|iPhone.ActiveCfg = Debug|x86
		{615ABD93-2817-4439-8454-0D779F33A156}.Debug|iPhone.Build.0 = Debug|x86
		{615ABD93-2817-4439-8454-0D779F33A156}.Debug|iPhoneSimulator.ActiveCfg = Debug|x86
		{615ABD93-2817-4439-8454-0D779F33A156}.Debug|iPhoneSimulator.Build.0 = Debug|x86
		{615ABD93-2817-4439-8454-0D779F33A156}.Debug|x86.ActiveCfg = Debug|x86
		{615ABD93-2817-4439-8454-0D779F33A156}.Debug|x86.Build.0 = Debug|x86
		{615ABD93-2817-4439-8454-0D779F33A156}.Release|iPhone.ActiveCfg = Release|x86
		{615ABD93-2817-4439-8454-0D779F33A156}.Release|iPhone.Build.0 = Release|x86
		{615ABD93-2817-4439-8454-0D779F33A156}.Release|iPhoneSimulator.ActiveCfg = Release|x86
		{615ABD93-2817-4439-8454-0D779F33A156}.Release|iPhoneSimulator.Build.0 = Release|x86
		{615ABD93-2817-4439-8454-0D779F33A156}.Release|x86.ActiveCfg = Release|x86
		{615ABD93-2817-4439-8454-0D779F33A156}.Release|x86.Build.0 = Release|x86
		{96D51515-2FD8-4992-978C-849966C705A8}.Debug|iPhone.ActiveCfg = Debug|iPhone
		{96D51515-2FD8-4992-978C-849966C705A8}.Debug|iPhone.Build.0 = Debug|iPhone
		{96D51515-2FD8-4992-978C-849966C705A8}.Debug|iPhoneSimulator.ActiveCfg = Debug|iPhoneSimulator
		{96D51515-2FD8-4992-978C-849966C705A8}.Debug|iPhoneSimulator.Build.0 = Debug|iPhoneSimulator
		{96D51515-2FD8-4992-978C-849966C705A8}.Debug|x86.ActiveCfg = Debug|iPhoneSimulator
		{96D51515-2FD8-4992-978C-849966C705A8}.Debug|x86.Build.0 = Debug|iPhoneSimulator
		{96D51515-2FD8-4992-978C-849966C705A8}.Release|iPhone.ActiveCfg = Release|iPhone
		{96D51515-2FD8-4992-978C-849966C705A8}.Release|iPhone.Build.0 = Release|iPhone
		{96D51515-2FD8-4992-978C-849966C705A8}.Release|iPhoneSimulator.ActiveCfg = Release|iPhoneSimulator
		{96D51515-2FD8-4992-978C-849966C705A8}.Release|iPhoneSimulator.Build.0 = Release|iPhoneSimulator
		{96D51515-2FD8-4992-978C-849966C705A8}.Release|x86.ActiveCfg = Release|iPhone
		{96D51515-2FD8-4992-978C-849966C705A8}.Release|x86.Build.0 = Release|iPhone
		{A18222D0-F356-42B4-8D0A-BF172C84349B}.Debug|iPhone.ActiveCfg = Debug|x86
		{A18222D0-F356-42B4-8D0A-BF172C84349B}.Debug|iPhone.Build.0 = Debug|x86
		{A18222D0-F356-42B4-8D0A-BF172C84349B}.Debug|iPhoneSimulator.ActiveCfg = Debug|x86
		{A18222D0-F356-42B4-8D0A-BF172C84349B}.Debug|iPhoneSimulator.Build.0 = Debug|x86
		{A18222D0-F356-42B4-8D0A-BF172C84349B}.Debug|x86.ActiveCfg = Debug|x86
		{A18222D0-F356-42B4-8D0A-BF172C84349B}.Debug|x86.Build.0 = Debug|x86
		{A18222D0-F356-42B4-8D0A-BF172C84349B}.Release|iPhone.ActiveCfg = Release|x86
		{A18222D0-F356-42B4-8D0A-BF172C84349B}.Release|iPhone.Build.0 = Release|x86
		{A18222D0-F356-42B4-8D0A-BF172C84349B}.Release|iPhoneSimulator.ActiveCfg = Release|x86
		{A18222D0-F356-42B4-8D0A-BF172C84349B}.Release|iPhoneSimulator.Build.0 = Release|x86
		{A18222D0-F356-42B4-8D0A-BF172C84349B}.Release|x86.ActiveCfg = Release|x86
		{A18222D0-F356-42B4-8D0A-BF172C84349B}.Release|x86.Build.0 = Release|x86
		{B3993FF5-4E4F-46F8-867E-4ACC5A14BD78}.Debug|iPhone.ActiveCfg = Debug|Any CPU
		{B3993FF5-4E4F-46F8-867E-4ACC5A14BD78}.Debug|iPhone.Build.0 = Debug|Any CPU
		{B3993FF5-4E4F-46F8-867E-4ACC5A14BD78}.Debug|iPhoneSimulator.ActiveCfg = Debug|Any CPU
		{B3993FF5-4E4F-46F8-867E-4ACC5A14BD78}.Debug|iPhoneSimulator.Build.0 = Debug|Any CPU
		{B3993FF5-4E4F-46F8-867E-4ACC5A14BD78}.Debug|x86.ActiveCfg = Debug|Any CPU
		{B3993FF5-4E4F-46F8-867E-4ACC5A14BD78}.Debug|x86.Build.0 = Debug|Any CPU
		{B3993FF5-4E4F-46F8-867E-4ACC5A14BD78}.Release|iPhone.ActiveCfg = Release|Any CPU
		{B3993FF5-4E4F-46F8-867E-4ACC5A14BD78}.Release|iPhone.Build.0 = Release|Any CPU
		{B3993FF5-4E4F-46F8-867E-4ACC5A14BD78}.Release|iPhoneSimulator.ActiveCfg = Release|Any CPU
		{B3993FF5-4E4F-46F8-867E-4ACC5A14BD78}.Release|iPhoneSimulator.Build.0 = Release|Any CPU
		{B3993FF5-4E4F-46F8-867E-4ACC5A14BD78}.Release|x86.ActiveCfg = Release|Any CPU
		{B3993FF5-4E4F-46F8-867E-4ACC5A14BD78}.Release|x86.Build.0 = Release|Any CPU
		{B9FFA24B-90A3-4E80-846E-5BBAF049CB08}.Debug|iPhone.ActiveCfg = Debug|x86
		{B9FFA24B-90A3-4E80-846E-5BBAF049CB08}.Debug|iPhone.Build.0 = Debug|x86
		{B9FFA24B-90A3-4E80-846E-5BBAF049CB08}.Debug|iPhoneSimulator.ActiveCfg = Debug|x86
		{B9FFA24B-90A3-4E80-846E-5BBAF049CB08}.Debug|iPhoneSimulator.Build.0 = Debug|x86
		{B9FFA24B-90A3-4E80-846E-5BBAF049CB08}.Debug|x86.ActiveCfg = Debug|x86
		{B9FFA24B-90A3-4E80-846E-5BBAF049CB08}.Debug|x86.Build.0 = Debug|x86
		{B9FFA24B-90A3-4E80-846E-5BBAF049CB08}.Release|iPhone.ActiveCfg = Release|x86
		{B9FFA24B-90A3-4E80-846E-5BBAF049CB08}.Release|iPhone.Build.0 = Release|x86
		{B9FFA24B-90A3-4E80-846E-5BBAF049CB08}.Release|iPhoneSimulator.ActiveCfg = Release|x86
		{B9FFA24B-90A3-4E80-846E-5BBAF049CB08}.Release|iPhoneSimulator.Build.0 = Release|x86
		{B9FFA24B-90A3-4E80-846E-5BBAF049CB08}.Release|x86.ActiveCfg = Release|x86
		{B9FFA24B-90A3-4E80-846E-5BBAF049CB08}.Release|x86.Build.0 = Release|x86
		{C4791B0D-7A92-45B6-B73A-FB6A1EE899FA}.Debug|iPhone.ActiveCfg = Debug|x86
		{C4791B0D-7A92-45B6-B73A-FB6A1EE899FA}.Debug|iPhone.Build.0 = Debug|x86
		{C4791B0D-7A92-45B6-B73A-FB6A1EE899FA}.Debug|iPhoneSimulator.ActiveCfg = Debug|x86
		{C4791B0D-7A92-45B6-B73A-FB6A1EE899FA}.Debug|iPhoneSimulator.Build.0 = Debug|x86
		{C4791B0D-7A92-45B6-B73A-FB6A1EE899FA}.Debug|x86.ActiveCfg = Debug|x86
		{C4791B0D-7A92-45B6-B73A-FB6A1EE899FA}.Debug|x86.Build.0 = Debug|x86
		{C4791B0D-7A92-45B6-B73A-FB6A1EE899FA}.Release|iPhone.ActiveCfg = Release|x86
		{C4791B0D-7A92-45B6-B73A-FB6A1EE899FA}.Release|iPhone.Build.0 = Release|x86
		{C4791B0D-7A92-45B6-B73A-FB6A1EE899FA}.Release|iPhoneSimulator.ActiveCfg = Release|x86
		{C4791B0D-7A92-45B6-B73A-FB6A1EE899FA}.Release|iPhoneSimulator.Build.0 = Release|x86
		{C4791B0D-7A92-45B6-B73A-FB6A1EE899FA}.Release|x86.ActiveCfg = Release|x86
		{C4791B0D-7A92-45B6-B73A-FB6A1EE899FA}.Release|x86.Build.0 = Release|x86
		{C918509B-DD3E-4180-A899-8F70BEBA0E0F}.Debug|iPhone.ActiveCfg = Debug|x86
		{C918509B-DD3E-4180-A899-8F70BEBA0E0F}.Debug|iPhone.Build.0 = Debug|x86
		{C918509B-DD3E-4180-A899-8F70BEBA0E0F}.Debug|iPhoneSimulator.ActiveCfg = Debug|x86
		{C918509B-DD3E-4180-A899-8F70BEBA0E0F}.Debug|iPhoneSimulator.Build.0 = Debug|x86
		{C918509B-DD3E-4180-A899-8F70BEBA0E0F}.Debug|x86.ActiveCfg = Debug|x86
		{C918509B-DD3E-4180-A899-8F70BEBA0E0F}.Debug|x86.Build.0 = Debug|x86
		{C918509B-DD3E-4180-A899-8F70BEBA0E0F}.Release|iPhone.ActiveCfg = Release|x86
		{C918509B-DD3E-4180-A899-8F70BEBA0E0F}.Release|iPhone.Build.0 = Release|x86
		{C918509B-DD3E-4180-A899-8F70BEBA0E0F}.Release|iPhoneSimulator.ActiveCfg = Release|x86
		{C918509B-DD3E-4180-A899-8F70BEBA0E0F}.Release|iPhoneSimulator.Build.0 = Release|x86
		{C918509B-DD3E-4180-A899-8F70BEBA0E0F}.Release|x86.ActiveCfg = Release|x86
		{C918509B-DD3E-4180-A899-8F70BEBA0E0F}.Release|x86.Build.0 = Release|x86
		{E07E4D57-C704-4829-8ECE-58C361580128}.Debug|iPhone.ActiveCfg = Debug|x86
		{E07E4D57-C704-4829-8ECE-58C361580128}.Debug|iPhone.Build.0 = Debug|x86
		{E07E4D57-C704-4829-8ECE-58C361580128}.Debug|iPhoneSimulator.ActiveCfg = Debug|x86
		{E07E4D57-C704-4829-8ECE-58C361580128}.Debug|iPhoneSimulator.Build.0 = Debug|x86
		{E07E4D57-C704-4829-8ECE-58C361580128}.Debug|x86.ActiveCfg = Debug|x86
		{E07E4D57-C704-4829-8ECE-58C361580128}.Debug|x86.Build.0 = Debug|x86
		{E07E4D57-C704-4829-8ECE-58C361580128}.Release|iPhone.ActiveCfg = Release|x86
		{E07E4D57-C704-4829-8ECE-58C361580128}.Release|iPhone.Build.0 = Release|x86
		{E07E4D57-C704-4829-8ECE-58C361580128}.Release|iPhoneSimulator.ActiveCfg = Release|x86
		{E07E4D57-C704-4829-8ECE-58C361580128}.Release|iPhoneSimulator.Build.0 = Release|x86
		{E07E4D57-C704-4829-8ECE-58C361580128}.Release|x86.ActiveCfg = Release|x86
		{E07E4D57-C704-4829-8ECE-58C361580128}.Release|x86.Build.0 = Release|x86
		{F4FA74CF-503E-49F0-92F6-FD2A9E83D51B}.Debug|iPhone.ActiveCfg = Debug|Any CPU
		{F4FA74CF-503E-49F0-92F6-FD2A9E83D51B}.Debug|iPhone.Build.0 = Debug|Any CPU
		{F4FA74CF-503E-49F0-92F6-FD2A9E83D51B}.Debug|iPhoneSimulator.ActiveCfg = Debug|Any CPU
		{F4FA74CF-503E-49F0-92F6-FD2A9E83D51B}.Debug|iPhoneSimulator.Build.0 = Debug|Any CPU
		{F4FA74CF-503E-49F0-92F6-FD2A9E83D51B}.Debug|x86.ActiveCfg = Debug|Any CPU
		{F4FA74CF-503E-49F0-92F6-FD2A9E83D51B}.Debug|x86.Build.0 = Debug|Any CPU
		{F4FA74CF-503E-49F0-92F6-FD2A9E83D51B}.Release|iPhone.ActiveCfg = Release|Any CPU
		{F4FA74CF-503E-49F0-92F6-FD2A9E83D51B}.Release|iPhone.Build.0 = Release|Any CPU
		{F4FA74CF-503E-49F0-92F6-FD2A9E83D51B}.Release|iPhoneSimulator.ActiveCfg = Release|Any CPU
		{F4FA74CF-503E-49F0-92F6-FD2A9E83D51B}.Release|iPhoneSimulator.Build.0 = Release|Any CPU
		{F4FA74CF-503E-49F0-92F6-FD2A9E83D51B}.Release|x86.ActiveCfg = Release|Any CPU
		{F4FA74CF-503E-49F0-92F6-FD2A9E83D51B}.Release|x86.Build.0 = Release|Any CPU
	EndGlobalSection
	GlobalSection(NestedProjects) = preSolution
		{96D51515-2FD8-4992-978C-849966C705A8} = {5F1885A6-E67F-4DFA-8889-9C9FE74EC600}
		{B3993FF5-4E4F-46F8-867E-4ACC5A14BD78} = {5F1885A6-E67F-4DFA-8889-9C9FE74EC600}
		{F4FA74CF-503E-49F0-92F6-FD2A9E83D51B} = {5F1885A6-E67F-4DFA-8889-9C9FE74EC600}
		{5ABD0347-B9AD-4EE4-9C3D-5BEBC3C4E7F6} = {5F1885A6-E67F-4DFA-8889-9C9FE74EC600}
	EndGlobalSection
	GlobalSection(MonoDevelopProperties) = preSolution
		StartupItem = MovieRentalTests\MovieRentalTests.csproj
	EndGlobalSection
EndGlobal
